
Microsoft Visual Studio Solution File, Format Version 12.00
# Visual Studio Version 17
VisualStudioVersion = 17.0.32014.148
MinimumVisualStudioVersion = 10.0.40219.1
Project("{FAE04EC0-301F-11D3-BF4B-00C04F79EFBC}") = "RestaurantApi", "RestaurantApi\RestaurantApi.csproj", "{D993BC86-8093-46BC-9962-E5D6D82E39DD}"
EndProject
Global
	GlobalSection(SolutionConfigurationPlatforms) = preSolution
		Debug|Any CPU = Debug|Any CPU
		Release|Any CPU = Release|Any CPU
	EndGlobalSection
	GlobalSection(ProjectConfigurationPlatforms) = postSolution
		{D993BC86-8093-46BC-9962-E5D6D82E39DD}.Debug|Any CPU.ActiveCfg = Debug|Any CPU
		{D993BC86-8093-46BC-9962-E5D6D82E39DD}.Debug|Any CPU.Build.0 = Debug|Any CPU
		{D993BC86-8093-46BC-9962-E5D6D82E39DD}.Release|Any CPU.ActiveCfg = Release|Any CPU
		{D993BC86-8093-46BC-9962-E5D6D82E39DD}.Release|Any CPU.Build.0 = Release|Any CPU
	EndGlobalSection
	GlobalSection(SolutionProperties) = preSolution
		HideSolutionNode = FALSE
	EndGlobalSection
	GlobalSection(ExtensibilityGlobals) = postSolution
		SolutionGuid = {EABF84A9-751B-4F09-85F7-43AB71BD6A4E}
	EndGlobalSection
EndGlobal
